// !$*UTF8*$!
{
	archiveVersion = 1;
	classes = {
	};
	objectVersion = 50;
	objects = {

/* Begin PBXBuildFile section */
		FAA9F02023E60AB9006CC809 /* AppDelegate.swift in Sources */ = {isa = PBXBuildFile; fileRef = FAA9F01F23E60AB9006CC809 /* AppDelegate.swift */; };
		FAA9F02223E60AB9006CC809 /* SceneDelegate.swift in Sources */ = {isa = PBXBuildFile; fileRef = FAA9F02123E60AB9006CC809 /* SceneDelegate.swift */; };
		FAA9F02423E60AB9006CC809 /* ViewController.swift in Sources */ = {isa = PBXBuildFile; fileRef = FAA9F02323E60AB9006CC809 /* ViewController.swift */; };
		FAA9F02723E60AB9006CC809 /* Main.storyboard in Resources */ = {isa = PBXBuildFile; fileRef = FAA9F02523E60AB9006CC809 /* Main.storyboard */; };
		FAA9F02923E60ABA006CC809 /* Assets.xcassets in Resources */ = {isa = PBXBuildFile; fileRef = FAA9F02823E60ABA006CC809 /* Assets.xcassets */; };
		FAA9F02C23E60ABA006CC809 /* LaunchScreen.storyboard in Resources */ = {isa = PBXBuildFile; fileRef = FAA9F02A23E60ABA006CC809 /* LaunchScreen.storyboard */; };
		FAAB0EB023E72E2800255FC3 /* Question.swift in Sources */ = {isa = PBXBuildFile; fileRef = FAAB0EAF23E72E2800255FC3 /* Question.swift */; };
		FAAB0EB223E72EBC00255FC3 /* QuizBrain.swift in Sources */ = {isa = PBXBuildFile; fileRef = FAAB0EB123E72EBC00255FC3 /* QuizBrain.swift */; };
/* End PBXBuildFile section */

/* Begin PBXFileReference section */
		FAA9F01C23E60AB9006CC809 /* Capitals.app */ = {isa = PBXFileReference; explicitFileType = wrapper.application; includeInIndex = 0; path = Capitals.app; sourceTree = BUILT_PRODUCTS_DIR; };
		FAA9F01F23E60AB9006CC809 /* AppDelegate.swift */ = {isa = PBXFileReference; lastKnownFileType = sourcecode.swift; path = AppDelegate.swift; sourceTree = "<group>"; };
		FAA9F02123E60AB9006CC809 /* SceneDelegate.swift */ = {isa = PBXFileReference; lastKnownFileType = sourcecode.swift; path = SceneDelegate.swift; sourceTree = "<group>"; };
		FAA9F02323E60AB9006CC809 /* ViewController.swift */ = {isa = PBXFileReference; lastKnownFileType = sourcecode.swift; path = ViewController.swift; sourceTree = "<group>"; };
		FAA9F02623E60AB9006CC809 /* Base */ = {isa = PBXFileReference; lastKnownFileType = file.storyboard; name = Base; path = Base.lproj/Main.storyboard; sourceTree = "<group>"; };
		FAA9F02823E60ABA006CC809 /* Assets.xcassets */ = {isa = PBXFileReference; lastKnownFileType = folder.assetcatalog; path = Assets.xcassets; sourceTree = "<group>"; };
		FAA9F02B23E60ABA006CC809 /* Base */ = {isa = PBXFileReference; lastKnownFileType = file.storyboard; name = Base; path = Base.lproj/LaunchScreen.storyboard; sourceTree = "<group>"; };
		FAA9F02D23E60ABA006CC809 /* Info.plist */ = {isa = PBXFileReference; lastKnownFileType = text.plist.xml; path = Info.plist; sourceTree = "<group>"; };
		FAAB0EAF23E72E2800255FC3 /* Question.swift */ = {isa = PBXFileReference; lastKnownFileType = sourcecode.swift; path = Question.swift; sourceTree = "<group>"; };
		FAAB0EB123E72EBC00255FC3 /* QuizBrain.swift */ = {isa = PBXFileReference; lastKnownFileType = sourcecode.swift; path = QuizBrain.swift; sourceTree = "<group>"; };
/* End PBXFileReference section */

/* Begin PBXFrameworksBuildPhase section */
		FAA9F01923E60AB9006CC809 /* Frameworks */ = {
			isa = PBXFrameworksBuildPhase;
			buildActionMask = 2147483647;
			files = (
			);
			runOnlyForDeploymentPostprocessing = 0;
		};
/* End PBXFrameworksBuildPhase section */

/* Begin PBXGroup section */
		FAA2742A23E737B600419ADD /* Model */ = {
			isa = PBXGroup;
			children = (
				FAAB0EAF23E72E2800255FC3 /* Question.swift */,
				FAAB0EB123E72EBC00255FC3 /* QuizBrain.swift */,
			);
			path = Model;
			sourceTree = "<group>";
		};
		FAA2742B23E737BE00419ADD /* View */ = {
			isa = PBXGroup;
			children = (
				FAA9F02523E60AB9006CC809 /* Main.storyboard */,
			);
			path = View;
			sourceTree = "<group>";
		};
		FAA2742C23E737F500419ADD /* Controller */ = {
			isa = PBXGroup;
			children = (
				FAA9F02323E60AB9006CC809 /* ViewController.swift */,
			);
			path = Controller;
			sourceTree = "<group>";
		};
		FAA9F01323E60AB9006CC809 = {
			isa = PBXGroup;
			children = (
				FAA9F01E23E60AB9006CC809 /* Capitals */,
				FAA9F01D23E60AB9006CC809 /* Products */,
			);
			sourceTree = "<group>";
		};
		FAA9F01D23E60AB9006CC809 /* Products */ = {
			isa = PBXGroup;
			children = (
				FAA9F01C23E60AB9006CC809 /* Capitals.app */,
			);
			name = Products;
			sourceTree = "<group>";
		};
		FAA9F01E23E60AB9006CC809 /* Capitals */ = {
			isa = PBXGroup;
			children = (
				FAA9F01F23E60AB9006CC809 /* AppDelegate.swift */,
				FAA9F02123E60AB9006CC809 /* SceneDelegate.swift */,
				FAA2742A23E737B600419ADD /* Model */,
				FAA2742B23E737BE00419ADD /* View */,
				FAA2742C23E737F500419ADD /* Controller */,
				FAA9F02823E60ABA006CC809 /* Assets.xcassets */,
				FAA9F02A23E60ABA006CC809 /* LaunchScreen.storyboard */,
				FAA9F02D23E60ABA006CC809 /* Info.plist */,
			);
			path = Capitals;
			sourceTree = "<group>";
		};
/* End PBXGroup section */

/* Begin PBXNativeTarget section */
		FAA9F01B23E60AB9006CC809 /* Capitals */ = {
			isa = PBXNativeTarget;
			buildConfigurationList = FAA9F03023E60ABA006CC809 /* Build configuration list for PBXNativeTarget "Capitals" */;
			buildPhases = (
				FAA9F01823E60AB9006CC809 /* Sources */,
				FAA9F01923E60AB9006CC809 /* Frameworks */,
				FAA9F01A23E60AB9006CC809 /* Resources */,
			);
			buildRules = (
			);
			dependencies = (
			);
			name = Capitals;
			productName = Capitals;
			productReference = FAA9F01C23E60AB9006CC809 /* Capitals.app */;
			productType = "com.apple.product-type.application";
		};
/* End PBXNativeTarget section */

/* Begin PBXProject section */
		FAA9F01423E60AB9006CC809 /* Project object */ = {
			isa = PBXProject;
			attributes = {
				LastSwiftUpdateCheck = 1130;
				LastUpgradeCheck = 1130;
				ORGANIZATIONNAME = Macbook;
				TargetAttributes = {
					FAA9F01B23E60AB9006CC809 = {
						CreatedOnToolsVersion = 11.3.1;
					};
				};
			};
			buildConfigurationList = FAA9F01723E60AB9006CC809 /* Build configuration list for PBXProject "Capitals" */;
			compatibilityVersion = "Xcode 9.3";
			developmentRegion = en;
			hasScannedForEncodings = 0;
			knownRegions = (
				en,
				Base,
			);
			mainGroup = FAA9F01323E60AB9006CC809;
			productRefGroup = FAA9F01D23E60AB9006CC809 /* Products */;
			projectDirPath = "";
			projectRoot = "";
			targets = (
				FAA9F01B23E60AB9006CC809 /* Capitals */,
			);
		};
/* End PBXProject section */

/* Begin PBXResourcesBuildPhase section */
		FAA9F01A23E60AB9006CC809 /* Resources */ = {
			isa = PBXResourcesBuildPhase;
			buildActionMask = 2147483647;
			files = (
				FAA9F02C23E60ABA006CC809 /* LaunchScreen.storyboard in Resources */,
				FAA9F02923E60ABA006CC809 /* Assets.xcassets in Resources */,
				FAA9F02723E60AB9006CC809 /* Main.storyboard in Resources */,
			);
			runOnlyForDeploymentPostprocessing = 0;
		};
/* End PBXResourcesBuildPhase section */

/* Begin PBXSourcesBuildPhase section */
		FAA9F01823E60AB9006CC809 /* Sources */ = {
			isa = PBXSourcesBuildPhase;
			buildActionMask = 2147483647;
			files = (
				FAA9F02423E60AB9006CC809 /* ViewController.swift in Sources */,
				FAA9F02023E60AB9006CC809 /* AppDelegate.swift in Sources */,
				FAAB0EB023E72E2800255FC3 /* Question.swift in Sources */,
				FAAB0EB223E72EBC00255FC3 /* QuizBrain.swift in Sources */,
				FAA9F02223E60AB9006CC809 /* SceneDelegate.swift in Sources */,
			);
			runOnlyForDeploymentPostprocessing = 0;
		};
/* End PBXSourcesBuildPhase section */

/* Begin PBXVariantGroup section */
		FAA9F02523E60AB9006CC809 /* Main.storyboard */ = {
			isa = PBXVariantGroup;
			children = (
				FAA9F02623E60AB9006CC809 /* Base */,
			);
			name = Main.storyboard;
			sourceTree = "<group>";
		};
		FAA9F02A23E60ABA006CC809 /* LaunchScreen.storyboard */ = {
			isa = PBXVariantGroup;
			children = (
				FAA9F02B23E60ABA006CC809 /* Base */,
			);
			name = LaunchScreen.storyboard;
			sourceTree = "<group>";
		};
/* End PBXVariantGroup section */

/* Begin XCBuildConfiguration section */
		FAA9F02E23E60ABA006CC809 /* Debug */ = {
			isa = XCBuildConfiguration;
			buildSettings = {
				ALWAYS_SEARCH_USER_PATHS = NO;
				CLANG_ANALYZER_NONNULL = YES;
				CLANG_ANALYZER_NUMBER_OBJECT_CONVERSION = YES_AGGRESSIVE;
				CLANG_CXX_LANGUAGE_STANDARD = "gnu++14";
				CLANG_CXX_LIBRARY = "libc++";
				CLANG_ENABLE_MODULES = YES;
				CLANG_ENABLE_OBJC_ARC = YES;
				CLANG_ENABLE_OBJC_WEAK = YES;
				CLANG_WARN_BLOCK_CAPTURE_AUTORELEASING = YES;
				CLANG_WARN_BOOL_CONVERSION = YES;
				CLANG_WARN_COMMA = YES;
				CLANG_WARN_CONSTANT_CONVERSION = YES;
				CLANG_WARN_DEPRECATED_OBJC_IMPLEMENTATIONS = YES;
				CLANG_WARN_DIRECT_OBJC_ISA_USAGE = YES_ERROR;
				CLANG_WARN_DOCUMENTATION_COMMENTS = YES;
				CLANG_WARN_EMPTY_BODY = YES;
				CLANG_WARN_ENUM_CONVERSION = YES;
				CLANG_WARN_INFINITE_RECURSION = YES;
				CLANG_WARN_INT_CONVERSION = YES;
				CLANG_WARN_NON_LITERAL_NULL_CONVERSION = YES;
				CLANG_WARN_OBJC_IMPLICIT_RETAIN_SELF = YES;
				CLANG_WARN_OBJC_LITERAL_CONVERSION = YES;
				CLANG_WARN_OBJC_ROOT_CLASS = YES_ERROR;
				CLANG_WARN_RANGE_LOOP_ANALYSIS = YES;
				CLANG_WARN_STRICT_PROTOTYPES = YES;
				CLANG_WARN_SUSPICIOUS_MOVE = YES;
				CLANG_WARN_UNGUARDED_AVAILABILITY = YES_AGGRESSIVE;
				CLANG_WARN_UNREACHABLE_CODE = YES;
				CLANG_WARN__DUPLICATE_METHOD_MATCH = YES;
				COPY_PHASE_STRIP = NO;
				DEBUG_INFORMATION_FORMAT = dwarf;
				ENABLE_STRICT_OBJC_MSGSEND = YES;
				ENABLE_TESTABILITY = YES;
				GCC_C_LANGUAGE_STANDARD = gnu11;
				GCC_DYNAMIC_NO_PIC = NO;
				GCC_NO_COMMON_BLOCKS = YES;
				GCC_OPTIMIZATION_LEVEL = 0;
				GCC_PREPROCESSOR_DEFINITIONS = (
					"DEBUG=1",
					"$(inherited)",
				);
				GCC_WARN_64_TO_32_BIT_CONVERSION = YES;
				GCC_WARN_ABOUT_RETURN_TYPE = YES_ERROR;
				GCC_WARN_UNDECLARED_SELECTOR = YES;
				GCC_WARN_UNINITIALIZED_AUTOS = YES_AGGRESSIVE;
				GCC_WARN_UNUSED_FUNCTION = YES;
				GCC_WARN_UNUSED_VARIABLE = YES;
				IPHONEOS_DEPLOYMENT_TARGET = 13.2;
				MTL_ENABLE_DEBUG_INFO = INCLUDE_SOURCE;
				MTL_FAST_MATH = YES;
				ONLY_ACTIVE_ARCH = YES;
				SDKROOT = iphoneos;
				SWIFT_ACTIVE_COMPILATION_CONDITIONS = DEBUG;
				SWIFT_OPTIMIZATION_LEVEL = "-Onone";
			};
			name = Debug;
		};
		FAA9F02F23E60ABA006CC809 /* Release */ = {
			isa = XCBuildConfiguration;
			buildSettings = {
				ALWAYS_SEARCH_USER_PATHS = NO;
				CLANG_ANALYZER_NONNULL = YES;
				CLANG_ANALYZER_NUMBER_OBJECT_CONVERSION = YES_AGGRESSIVE;
				CLANG_CXX_LANGUAGE_STANDARD = "gnu++14";
				CLANG_CXX_LIBRARY = "libc++";
				CLANG_ENABLE_MODULES = YES;
				CLANG_ENABLE_OBJC_ARC = YES;
				CLANG_ENABLE_OBJC_WEAK = YES;
				CLANG_WARN_BLOCK_CAPTURE_AUTORELEASING = YES;
				CLANG_WARN_BOOL_CONVERSION = YES;
				CLANG_WARN_COMMA = YES;
				CLANG_WARN_CONSTANT_CONVERSION = YES;
				CLANG_WARN_DEPRECATED_OBJC_IMPLEMENTATIONS = YES;
				CLANG_WARN_DIRECT_OBJC_ISA_USAGE = YES_ERROR;
				CLANG_WARN_DOCUMENTATION_COMMENTS = YES;
				CLANG_WARN_EMPTY_BODY = YES;
				CLANG_WARN_ENUM_CONVERSION = YES;
				CLANG_WARN_INFINITE_RECURSION = YES;
				CLANG_WARN_INT_CONVERSION = YES;
				CLANG_WARN_NON_LITERAL_NULL_CONVERSION = YES;
				CLANG_WARN_OBJC_IMPLICIT_RETAIN_SELF = YES;
				CLANG_WARN_OBJC_LITERAL_CONVERSION = YES;
				CLANG_WARN_OBJC_ROOT_CLASS = YES_ERROR;
				CLANG_WARN_RANGE_LOOP_ANALYSIS = YES;
				CLANG_WARN_STRICT_PROTOTYPES = YES;
				CLANG_WARN_SUSPICIOUS_MOVE = YES;
				CLANG_WARN_UNGUARDED_AVAILABILITY = YES_AGGRESSIVE;
				CLANG_WARN_UNREACHABLE_CODE = YES;
				CLANG_WARN__DUPLICATE_METHOD_MATCH = YES;
				COPY_PHASE_STRIP = NO;
				DEBUG_INFORMATION_FORMAT = "dwarf-with-dsym";
				ENABLE_NS_ASSERTIONS = NO;
				ENABLE_STRICT_OBJC_MSGSEND = YES;
				GCC_C_LANGUAGE_STANDARD = gnu11;
				GCC_NO_COMMON_BLOCKS = YES;
				GCC_WARN_64_TO_32_BIT_CONVERSION = YES;
				GCC_WARN_ABOUT_RETURN_TYPE = YES_ERROR;
				GCC_WARN_UNDECLARED_SELECTOR = YES;
				GCC_WARN_UNINITIALIZED_AUTOS = YES_AGGRESSIVE;
				GCC_WARN_UNUSED_FUNCTION = YES;
				GCC_WARN_UNUSED_VARIABLE = YES;
				IPHONEOS_DEPLOYMENT_TARGET = 13.2;
				MTL_ENABLE_DEBUG_INFO = NO;
				MTL_FAST_MATH = YES;
				SDKROOT = iphoneos;
				SWIFT_COMPILATION_MODE = wholemodule;
				SWIFT_OPTIMIZATION_LEVEL = "-O";
				VALIDATE_PRODUCT = YES;
			};
			name = Release;
		};
		FAA9F03123E60ABA006CC809 /* Debug */ = {
			isa = XCBuildConfiguration;
			buildSettings = {
				ASSETCATALOG_COMPILER_APPICON_NAME = AppIcon;
				CODE_SIGN_STYLE = Automatic;
				DEVELOPMENT_TEAM = T4YRAWRFC8;
				INFOPLIST_FILE = Capitals/Info.plist;
				LD_RUNPATH_SEARCH_PATHS = (
					"$(inherited)",
					"@executable_path/Frameworks",
				);
				PRODUCT_BUNDLE_IDENTIFIER = com.nikitadorum.Capitals;
				PRODUCT_NAME = "$(TARGET_NAME)";
				SWIFT_VERSION = 5.0;
				TARGETED_DEVICE_FAMILY = "1,2";
			};
			name = Debug;
		};
		FAA9F03223E60ABA006CC809 /* Release */ = {
			isa = XCBuildConfiguration;
			buildSettings = {
				ASSETCATALOG_COMPILER_APPICON_NAME = AppIcon;
				CODE_SIGN_STYLE = Automatic;
				DEVELOPMENT_TEAM = T4YRAWRFC8;
				INFOPLIST_FILE = Capitals/Info.plist;
				LD_RUNPATH_SEARCH_PATHS = (
					"$(inherited)",
					"@executable_path/Frameworks",
				);
				PRODUCT_BUNDLE_IDENTIFIER = com.nikitadorum.Capitals;
				PRODUCT_NAME = "$(TARGET_NAME)";
				SWIFT_VERSION = 5.0;
				TARGETED_DEVICE_FAMILY = "1,2";
			};
			name = Release;
		};
/* End XCBuildConfiguration section */

/* Begin XCConfigurationList section */
		FAA9F01723E60AB9006CC809 /* Build configuration list for PBXProject "Capitals" */ = {
			isa = XCConfigurationList;
			buildConfigurations = (
				FAA9F02E23E60ABA006CC809 /* Debug */,
				FAA9F02F23E60ABA006CC809 /* Release */,
			);
			defaultConfigurationIsVisible = 0;
			defaultConfigurationName = Release;
		};
		FAA9F03023E60ABA006CC809 /* Build configuration list for PBXNativeTarget "Capitals" */ = {
			isa = XCConfigurationList;
			buildConfigurations = (
				FAA9F03123E60ABA006CC809 /* Debug */,
				FAA9F03223E60ABA006CC809 /* Release */,
			);
			defaultConfigurationIsVisible = 0;
			defaultConfigurationName = Release;
		};
/* End XCConfigurationList section */
	};
	rootObject = FAA9F01423E60AB9006CC809 /* Project object */;
}
